
Microsoft Visual Studio Solution File, Format Version 12.00
# Visual Studio Version 17
VisualStudioVersion = 17.0.31612.314
MinimumVisualStudioVersion = 10.0.40219.1
Project("{FAE04EC0-301F-11D3-BF4B-00C04F79EFBC}") = "WebAppMessager.Data", "WebAppMessager.Data\WebAppMessager.Data.csproj", "{3D64D389-F27B-43CB-9D7E-9F8BC760E674}"
EndProject
Project("{FAE04EC0-301F-11D3-BF4B-00C04F79EFBC}") = "WebAppMessager.Business", "WebAppMessager.Domain\WebAppMessager.Business.csproj", "{A0C0FBC5-676C-4E1D-8A50-A69A3C5C0E5F}"
EndProject
Project("{FAE04EC0-301F-11D3-BF4B-00C04F79EFBC}") = "WebAppMessager.Api", "WebAppMessager.Api\WebAppMessager.Api.csproj", "{CAD9C398-66CE-483C-8548-804E26E4B006}"
EndProject
Global
	GlobalSection(SolutionConfigurationPlatforms) = preSolution
		Debug|Any CPU = Debug|Any CPU
		Release|Any CPU = Release|Any CPU
	EndGlobalSection
	GlobalSection(ProjectConfigurationPlatforms) = postSolution
		{3D64D389-F27B-43CB-9D7E-9F8BC760E674}.Debug|Any CPU.ActiveCfg = Debug|Any CPU
		{3D64D389-F27B-43CB-9D7E-9F8BC760E674}.Debug|Any CPU.Build.0 = Debug|Any CPU
		{3D64D389-F27B-43CB-9D7E-9F8BC760E674}.Release|Any CPU.ActiveCfg = Release|Any CPU
		{3D64D389-F27B-43CB-9D7E-9F8BC760E674}.Release|Any CPU.Build.0 = Release|Any CPU
		{A0C0FBC5-676C-4E1D-8A50-A69A3C5C0E5F}.Debug|Any CPU.ActiveCfg = Debug|Any CPU
		{A0C0FBC5-676C-4E1D-8A50-A69A3C5C0E5F}.Debug|Any CPU.Build.0 = Debug|Any CPU
		{A0C0FBC5-676C-4E1D-8A50-A69A3C5C0E5F}.Release|Any CPU.ActiveCfg = Release|Any CPU
		{A0C0FBC5-676C-4E1D-8A50-A69A3C5C0E5F}.Release|Any CPU.Build.0 = Release|Any CPU
		{CAD9C398-66CE-483C-8548-804E26E4B006}.Debug|Any CPU.ActiveCfg = Debug|Any CPU
		{CAD9C398-66CE-483C-8548-804E26E4B006}.Debug|Any CPU.Build.0 = Debug|Any CPU
		{CAD9C398-66CE-483C-8548-804E26E4B006}.Release|Any CPU.ActiveCfg = Release|Any CPU
		{CAD9C398-66CE-483C-8548-804E26E4B006}.Release|Any CPU.Build.0 = Release|Any CPU
	EndGlobalSection
	GlobalSection(SolutionProperties) = preSolution
		HideSolutionNode = FALSE
	EndGlobalSection
	GlobalSection(ExtensibilityGlobals) = postSolution
		SolutionGuid = {E68B60FF-9628-4466-B3B9-09FEA21DDC69}
	EndGlobalSection
EndGlobal
